<?xml version="1.0" encoding="utf-8"?>
<Project ToolsVersion="4.0" xmlns="http://schemas.microsoft.com/developer/msbuild/2003">
  <ItemGroup>
    <Filter Include="Consts">
      <UniqueIdentifier>{1F913FAC-0B33-6A82-F4ED-7DD6E02EF1D2}</UniqueIdentifier>
    </Filter>
    <Filter Include="Events">
      <UniqueIdentifier>{3A8963B1-262B-8E87-0FE6-A1DBFB2615D8}</UniqueIdentifier>
    </Filter>
    <Filter Include="Window">
      <UniqueIdentifier>{3DEA79DA-298C-A4B0-1247-B804FE872B01}</UniqueIdentifier>
    </Filter>
  </ItemGroup>
  <ItemGroup>
    <ClInclude Include="src\Consts\Keys.h">
      <Filter>Consts</Filter>
    </ClInclude>
    <ClInclude Include="src\Consts\Macros.h">
      <Filter>Consts</Filter>
    </ClInclude>
    <ClInclude Include="src\Consts\Mouse.h">
      <Filter>Consts</Filter>
    </ClInclude>
    <ClInclude Include="src\Core.h" />
    <ClInclude Include="src\Events\Event.h">
      <Filter>Events</Filter>
    </ClInclude>
    <ClInclude Include="src\Events\Events.h">
      <Filter>Events</Filter>
    </ClInclude>
    <ClInclude Include="src\Events\KeyEvent.h">
      <Filter>Events</Filter>
    </ClInclude>
    <ClInclude Include="src\Events\MouseEvent.h">
      <Filter>Events</Filter>
    </ClInclude>
    <ClInclude Include="src\Events\WindowEvent.h">
      <Filter>Events</Filter>
    </ClInclude>
    <ClInclude Include="src\Window\ImGuiRenderer.h">
      <Filter>Window</Filter>
    </ClInclude>
    <ClInclude Include="src\Window\WindowBase.h">
      <Filter>Window</Filter>
    </ClInclude>
    <ClInclude Include="src\Window\WindowCursor.h">
      <Filter>Window</Filter>
    </ClInclude>
    <ClInclude Include="src\pch.h" />
  </ItemGroup>
  <ItemGroup>
    <ClCompile Include="src\Events\Event.cpp">
      <Filter>Events</Filter>
    </ClCompile>
    <ClCompile Include="src\Events\KeyEvent.cpp">
      <Filter>Events</Filter>
    </ClCompile>
    <ClCompile Include="src\Events\MouseEvent.cpp">
      <Filter>Events</Filter>
    </ClCompile>
    <ClCompile Include="src\Events\WindowEvent.cpp">
      <Filter>Events</Filter>
    </ClCompile>
    <ClCompile Include="src\Window\ImGuiRenderer.cpp">
      <Filter>Window</Filter>
    </ClCompile>
    <ClCompile Include="src\Window\WindowBase.cpp">
      <Filter>Window</Filter>
    </ClCompile>
    <ClCompile Include="src\pch.cpp" />
  </ItemGroup>
</Project>