<?xml version="1.0" encoding="utf-8"?>
<Project ToolsVersion="4.0" xmlns="http://schemas.microsoft.com/developer/msbuild/2003">
  <ItemGroup>
    <Filter Include="Consts">
      <UniqueIdentifier>{1F913FAC-0B33-6A82-F4ED-7DD6E02EF1D2}</UniqueIdentifier>
    </Filter>
    <Filter Include="Core">
      <UniqueIdentifier>{2EB4837C-1AEB-840D-C3D7-6A10AFED000F}</UniqueIdentifier>
    </Filter>
    <Filter Include="Core\Events">
      <UniqueIdentifier>{52201B74-BED5-9369-47CA-8D40B37E8A6D}</UniqueIdentifier>
    </Filter>
  </ItemGroup>
  <ItemGroup>
    <ClInclude Include="src\Consts\Keys.h">
      <Filter>Consts</Filter>
    </ClInclude>
    <ClInclude Include="src\Consts\Macros.h">
      <Filter>Consts</Filter>
    </ClInclude>
    <ClInclude Include="src\Consts\Mouse.h">
      <Filter>Consts</Filter>
    </ClInclude>
    <ClInclude Include="src\Core.h" />
    <ClInclude Include="src\Core\Application.h">
      <Filter>Core</Filter>
    </ClInclude>
    <ClInclude Include="src\Core\Events\Event.h">
      <Filter>Core\Events</Filter>
    </ClInclude>
    <ClInclude Include="src\Core\Events\Events.h">
      <Filter>Core\Events</Filter>
    </ClInclude>
    <ClInclude Include="src\Core\Events\KeyEvent.h">
      <Filter>Core\Events</Filter>
    </ClInclude>
    <ClInclude Include="src\Core\Events\MouseEvent.h">
      <Filter>Core\Events</Filter>
    </ClInclude>
    <ClInclude Include="src\Core\Events\WindowEvent.h">
      <Filter>Core\Events</Filter>
    </ClInclude>
    <ClInclude Include="src\Core\ImGuiRenderer.h">
      <Filter>Core</Filter>
    </ClInclude>
    <ClInclude Include="src\Core\Log.h">
      <Filter>Core</Filter>
    </ClInclude>
    <ClInclude Include="src\Core\WindowBase.h">
      <Filter>Core</Filter>
    </ClInclude>
    <ClInclude Include="src\Core\WindowCursor.h">
      <Filter>Core</Filter>
    </ClInclude>
    <ClInclude Include="src\pch.h" />
    <ClInclude Include="src\Core\Timer.h" />
    <ClInclude Include="src\Rendering\ShaderProgram.h" />
    <ClInclude Include="src\Rendering\VertexBuffer.h" />
    <ClInclude Include="src\Rendering\IndexBuffer.h" />
    <ClInclude Include="src\Rendering\ShaderStorageBuffer.h" />
    <ClInclude Include="src\Rendering\CountBuffer.h" />
    <ClInclude Include="src\Rendering\ComputeShaderProgram.h" />
  </ItemGroup>
  <ItemGroup>
    <ClCompile Include="src\Core\Application.cpp">
      <Filter>Core</Filter>
    </ClCompile>
    <ClCompile Include="src\Core\Events\Event.cpp">
      <Filter>Core\Events</Filter>
    </ClCompile>
    <ClCompile Include="src\Core\Events\KeyEvent.cpp">
      <Filter>Core\Events</Filter>
    </ClCompile>
    <ClCompile Include="src\Core\Events\MouseEvent.cpp">
      <Filter>Core\Events</Filter>
    </ClCompile>
    <ClCompile Include="src\Core\Events\WindowEvent.cpp">
      <Filter>Core\Events</Filter>
    </ClCompile>
    <ClCompile Include="src\Core\ImGuiRenderer.cpp">
      <Filter>Core</Filter>
    </ClCompile>
    <ClCompile Include="src\Core\Log.cpp">
      <Filter>Core</Filter>
    </ClCompile>
    <ClCompile Include="src\Core\WindowBase.cpp">
      <Filter>Core</Filter>
    </ClCompile>
    <ClCompile Include="src\pch.cpp" />
    <ClCompile Include="src\Core\Timer.cpp" />
    <ClCompile Include="src\Rendering\ShaderProgram.cpp" />
    <ClCompile Include="src\Rendering\VertexBuffer.cpp" />
    <ClCompile Include="src\Rendering\IndexBuffer.cpp" />
    <ClCompile Include="src\Rendering\ShaderStorageBuffer.cpp" />
    <ClCompile Include="src\Rendering\CountBuffer.cpp" />
    <ClCompile Include="src\Rendering\ComputeShaderProgram.cpp" />
  </ItemGroup>
  <ItemGroup>
    <Text Include="Todo.txt" />
  </ItemGroup>
</Project>