<?xml version="1.0" encoding="utf-8"?>
<Project ToolsVersion="4.0" xmlns="http://schemas.microsoft.com/developer/msbuild/2003">
  <ItemGroup>
    <Filter Include="Events">
      <UniqueIdentifier>{3A8963B1-262B-8E87-0FE6-A1DBFB2615D8}</UniqueIdentifier>
    </Filter>
    <Filter Include="Grids">
      <UniqueIdentifier>{1E1B440D-8A2F-6CBE-53B1-0F1EBF8468EF}</UniqueIdentifier>
    </Filter>
    <Filter Include="Grids\Renderer">
      <UniqueIdentifier>{84C0DA46-708E-CE4C-5922-3F73458FAAB1}</UniqueIdentifier>
    </Filter>
    <Filter Include="Tools">
      <UniqueIdentifier>{16CF2D0E-82E3-55BF-4B65-F91EB73852F0}</UniqueIdentifier>
    </Filter>
    <Filter Include="Tools\Basic Tools">
      <UniqueIdentifier>{98729D9B-0489-9B31-4D00-2753B9556CB9}</UniqueIdentifier>
    </Filter>
    <Filter Include="Tools\Movement">
      <UniqueIdentifier>{102DD722-FCFA-CA28-E58E-3B4FD1FBA68D}</UniqueIdentifier>
    </Filter>
    <Filter Include="Tools\Surface">
      <UniqueIdentifier>{6E60AAFB-DA20-2632-A35B-6FAF0FDB6A0E}</UniqueIdentifier>
    </Filter>
    <Filter Include="Util">
      <UniqueIdentifier>{23A78D7C-0FDE-8E0D-B8CA-7410A4E00A0F}</UniqueIdentifier>
    </Filter>
  </ItemGroup>
  <ItemGroup>
    <ClInclude Include="src\Events\Event.h">
      <Filter>Events</Filter>
    </ClInclude>
    <ClInclude Include="src\Events\Events.h">
      <Filter>Events</Filter>
    </ClInclude>
    <ClInclude Include="src\Events\SimulationEvent.h">
      <Filter>Events</Filter>
    </ClInclude>
    <ClInclude Include="src\Events\ToolEvent.h">
      <Filter>Events</Filter>
    </ClInclude>
    <ClInclude Include="src\Grids\ComputeShaderController.h">
      <Filter>Grids</Filter>
    </ClInclude>
    <ClInclude Include="src\Grids\Grid.h">
      <Filter>Grids</Filter>
    </ClInclude>
    <ClInclude Include="src\Grids\GridManager.h">
      <Filter>Grids</Filter>
    </ClInclude>
    <ClInclude Include="src\Grids\Renderer\GridRenderer.h">
      <Filter>Grids\Renderer</Filter>
    </ClInclude>
    <ClInclude Include="src\Grids\Renderer\ShaderController.h">
      <Filter>Grids\Renderer</Filter>
    </ClInclude>
    <ClInclude Include="src\Grids\Uniforms.h">
      <Filter>Grids</Filter>
    </ClInclude>
    <ClInclude Include="src\Simulation.h" />
    <ClInclude Include="src\SimulationController.h" />
    <ClInclude Include="src\SimulationSettings.h" />
    <ClInclude Include="src\Tools\Action.h">
      <Filter>Tools</Filter>
    </ClInclude>
    <ClInclude Include="src\Tools\Basic Tools\BasicTool.h">
      <Filter>Tools\Basic Tools</Filter>
    </ClInclude>
    <ClInclude Include="src\Tools\Basic Tools\SelectTool.h">
      <Filter>Tools\Basic Tools</Filter>
    </ClInclude>
    <ClInclude Include="src\Tools\Movement.h">
      <Filter>Tools</Filter>
    </ClInclude>
    <ClInclude Include="src\Tools\Movement\BezierCurve.h">
      <Filter>Tools\Movement</Filter>
    </ClInclude>
    <ClInclude Include="src\Tools\Movement\Line.h">
      <Filter>Tools\Movement</Filter>
    </ClInclude>
    <ClInclude Include="src\Tools\Movement\MouseMovement.h">
      <Filter>Tools\Movement</Filter>
    </ClInclude>
    <ClInclude Include="src\Tools\Movement\Movements.h">
      <Filter>Tools\Movement</Filter>
    </ClInclude>
    <ClInclude Include="src\Tools\Movement\Sine.h">
      <Filter>Tools\Movement</Filter>
    </ClInclude>
    <ClInclude Include="src\Tools\Surface.h">
      <Filter>Tools</Filter>
    </ClInclude>
    <ClInclude Include="src\Tools\Surface\Circle.h">
      <Filter>Tools\Surface</Filter>
    </ClInclude>
    <ClInclude Include="src\Tools\Surface\PointSurface.h">
      <Filter>Tools\Surface</Filter>
    </ClInclude>
    <ClInclude Include="src\Tools\Surface\Rectangle.h">
      <Filter>Tools\Surface</Filter>
    </ClInclude>
    <ClInclude Include="src\Tools\Surface\Square.h">
      <Filter>Tools\Surface</Filter>
    </ClInclude>
    <ClInclude Include="src\Tools\Surface\Surfaces.h">
      <Filter>Tools\Surface</Filter>
    </ClInclude>
    <ClInclude Include="src\Tools\Surface\Triangle.h">
      <Filter>Tools\Surface</Filter>
    </ClInclude>
    <ClInclude Include="src\Tools\ToolBase.h">
      <Filter>Tools</Filter>
    </ClInclude>
    <ClInclude Include="src\Tools\ToolFactory.h">
      <Filter>Tools</Filter>
    </ClInclude>
    <ClInclude Include="src\Tools\ToolManager.h">
      <Filter>Tools</Filter>
    </ClInclude>
    <ClInclude Include="src\Util\ControlPoint.h">
      <Filter>Util</Filter>
    </ClInclude>
    <ClInclude Include="src\Util\Point.h">
      <Filter>Util</Filter>
    </ClInclude>
    <ClInclude Include="src\Util\Rendering.h">
      <Filter>Util</Filter>
    </ClInclude>
    <ClInclude Include="src\Tools\Action\CopyAction.h" />
    <ClInclude Include="src\Tools\Action\Actions.h" />
    <ClInclude Include="src\Util\Clipboard.h" />
    <ClInclude Include="src\Tools\Action\PasteAction.h" />
    <ClInclude Include="src\Tools\Action\CutAction.h" />
    <ClInclude Include="src\Tools\Action\InkAction.h" />
    <ClInclude Include="src\Grids\ColorGrid.h" />
  </ItemGroup>
  <ItemGroup>
    <ClCompile Include="src\Events\SimulationEvent.cpp">
      <Filter>Events</Filter>
    </ClCompile>
    <ClCompile Include="src\Events\ToolEvent.cpp">
      <Filter>Events</Filter>
    </ClCompile>
    <ClCompile Include="src\Grids\ComputeShaderController.cpp">
      <Filter>Grids</Filter>
    </ClCompile>
    <ClCompile Include="src\Grids\GridManager.cpp">
      <Filter>Grids</Filter>
    </ClCompile>
    <ClCompile Include="src\Grids\Renderer\GridRenderer.cpp">
      <Filter>Grids\Renderer</Filter>
    </ClCompile>
    <ClCompile Include="src\Grids\Renderer\ShaderController.cpp">
      <Filter>Grids\Renderer</Filter>
    </ClCompile>
    <ClCompile Include="src\Grids\Uniforms.cpp">
      <Filter>Grids</Filter>
    </ClCompile>
    <ClCompile Include="src\Simulation.cpp" />
    <ClCompile Include="src\Tools\Basic Tools\BasicTool.cpp">
      <Filter>Tools\Basic Tools</Filter>
    </ClCompile>
    <ClCompile Include="src\Tools\Basic Tools\SelectTool.cpp">
      <Filter>Tools\Basic Tools</Filter>
    </ClCompile>
    <ClCompile Include="src\Tools\Movement\BezierCurve.cpp">
      <Filter>Tools\Movement</Filter>
    </ClCompile>
    <ClCompile Include="src\Tools\Movement\Line.cpp">
      <Filter>Tools\Movement</Filter>
    </ClCompile>
    <ClCompile Include="src\Tools\Movement\Sine.cpp">
      <Filter>Tools\Movement</Filter>
    </ClCompile>
    <ClCompile Include="src\Tools\Surface\Circle.cpp">
      <Filter>Tools\Surface</Filter>
    </ClCompile>
    <ClCompile Include="src\Tools\Surface\PointSurface.cpp">
      <Filter>Tools\Surface</Filter>
    </ClCompile>
    <ClCompile Include="src\Tools\Surface\Rectangle.cpp">
      <Filter>Tools\Surface</Filter>
    </ClCompile>
    <ClCompile Include="src\Tools\Surface\Square.cpp">
      <Filter>Tools\Surface</Filter>
    </ClCompile>
    <ClCompile Include="src\Tools\Surface\Triangle.cpp">
      <Filter>Tools\Surface</Filter>
    </ClCompile>
    <ClCompile Include="src\Tools\ToolBase.cpp">
      <Filter>Tools</Filter>
    </ClCompile>
    <ClCompile Include="src\Tools\ToolFactory.cpp">
      <Filter>Tools</Filter>
    </ClCompile>
    <ClCompile Include="src\Tools\ToolManager.cpp">
      <Filter>Tools</Filter>
    </ClCompile>
    <ClCompile Include="src\Util\ControlPoint.cpp">
      <Filter>Util</Filter>
    </ClCompile>
    <ClCompile Include="src\Util\Point.cpp">
      <Filter>Util</Filter>
    </ClCompile>
    <ClCompile Include="src\Util\Rendering.cpp">
      <Filter>Util</Filter>
    </ClCompile>
    <ClCompile Include="src\Util\Clipboard.cpp" />
  </ItemGroup>
</Project>